// !$*UTF8*$!
{
	archiveVersion = 1;
	classes = {
	};
	objectVersion = 56;
	objects = {

/* Begin PBXBuildFile section */
		AA455F322AE6CD1300016054 /* HomeVC.swift in Sources */ = {isa = PBXBuildFile; fileRef = AA455F312AE6CD1300016054 /* HomeVC.swift */; };
		AA455F362AE6CE5E00016054 /* ToDoItemsTVC.swift in Sources */ = {isa = PBXBuildFile; fileRef = AA455F342AE6CE5E00016054 /* ToDoItemsTVC.swift */; };
		AA455F372AE6CE5E00016054 /* ToDoItemsTVC.xib in Resources */ = {isa = PBXBuildFile; fileRef = AA455F352AE6CE5E00016054 /* ToDoItemsTVC.xib */; };
		AA455F392AE6D60900016054 /* AppEnums.swift in Sources */ = {isa = PBXBuildFile; fileRef = AA455F382AE6D60900016054 /* AppEnums.swift */; };
		AA455F3B2AE6DA4500016054 /* ToDoItems.swift in Sources */ = {isa = PBXBuildFile; fileRef = AA455F3A2AE6DA4500016054 /* ToDoItems.swift */; };
		AA4F44C52AE6A9E300A9C6CA /* AppDelegate.swift in Sources */ = {isa = PBXBuildFile; fileRef = AA4F44C42AE6A9E300A9C6CA /* AppDelegate.swift */; };
		AA4F44CC2AE6A9E300A9C6CA /* Main.storyboard in Resources */ = {isa = PBXBuildFile; fileRef = AA4F44CA2AE6A9E300A9C6CA /* Main.storyboard */; };
		AA4F44CE2AE6A9E400A9C6CA /* Assets.xcassets in Resources */ = {isa = PBXBuildFile; fileRef = AA4F44CD2AE6A9E400A9C6CA /* Assets.xcassets */; };
		AA4F44D12AE6A9E400A9C6CA /* LaunchScreen.storyboard in Resources */ = {isa = PBXBuildFile; fileRef = AA4F44CF2AE6A9E400A9C6CA /* LaunchScreen.storyboard */; };
		AAB7D4562AE7907800AEBFF8 /* ViewAllTVC.swift in Sources */ = {isa = PBXBuildFile; fileRef = AAB7D4542AE7907800AEBFF8 /* ViewAllTVC.swift */; };
		AAB7D4572AE7907800AEBFF8 /* ViewAllTVC.xib in Resources */ = {isa = PBXBuildFile; fileRef = AAB7D4552AE7907800AEBFF8 /* ViewAllTVC.xib */; };
		AAB7D4592AE7A0B300AEBFF8 /* AddToDoVC.swift in Sources */ = {isa = PBXBuildFile; fileRef = AAB7D4582AE7A0B300AEBFF8 /* AddToDoVC.swift */; };
		AAB7D45B2AE7A46A00AEBFF8 /* Utility.swift in Sources */ = {isa = PBXBuildFile; fileRef = AAB7D45A2AE7A46A00AEBFF8 /* Utility.swift */; };
		AAB7D45D2AE7DD3600AEBFF8 /* Extensions.swift in Sources */ = {isa = PBXBuildFile; fileRef = AAB7D45C2AE7DD3600AEBFF8 /* Extensions.swift */; };
		AAE3E0EC2AECBE1B00BD72DB /* CategoriesVC.swift in Sources */ = {isa = PBXBuildFile; fileRef = AAE3E0EB2AECBE1B00BD72DB /* CategoriesVC.swift */; };
		AAE3E0F02AED494000BD72DB /* DataBaseManager.swift in Sources */ = {isa = PBXBuildFile; fileRef = AAE3E0EF2AED494000BD72DB /* DataBaseManager.swift */; };
		AAFAE1452AE8E95900D855C6 /* AddCategoryVC.swift in Sources */ = {isa = PBXBuildFile; fileRef = AAFAE1442AE8E95900D855C6 /* AddCategoryVC.swift */; };
		AAFAE1482AE8ECA400D855C6 /* CategoryIconsCV.swift in Sources */ = {isa = PBXBuildFile; fileRef = AAFAE1462AE8ECA400D855C6 /* CategoryIconsCV.swift */; };
		AAFAE1492AE8ECA400D855C6 /* CategoryIconsCV.xib in Resources */ = {isa = PBXBuildFile; fileRef = AAFAE1472AE8ECA400D855C6 /* CategoryIconsCV.xib */; };
		B80CD7B46F81486B995C6DDC /* Pods_Doit.framework in Frameworks */ = {isa = PBXBuildFile; fileRef = 48C60D2669B380F8CEBE9331 /* Pods_Doit.framework */; };
/* End PBXBuildFile section */

/* Begin PBXFileReference section */
		48C60D2669B380F8CEBE9331 /* Pods_Doit.framework */ = {isa = PBXFileReference; explicitFileType = wrapper.framework; includeInIndex = 0; path = Pods_Doit.framework; sourceTree = BUILT_PRODUCTS_DIR; };
		775E00019CFB63EB15373B4E /* Pods-Doit.release.xcconfig */ = {isa = PBXFileReference; includeInIndex = 1; lastKnownFileType = text.xcconfig; name = "Pods-Doit.release.xcconfig"; path = "Target Support Files/Pods-Doit/Pods-Doit.release.xcconfig"; sourceTree = "<group>"; };
		983A936D7D99823DB595FFA8 /* Pods-Doit.debug.xcconfig */ = {isa = PBXFileReference; includeInIndex = 1; lastKnownFileType = text.xcconfig; name = "Pods-Doit.debug.xcconfig"; path = "Target Support Files/Pods-Doit/Pods-Doit.debug.xcconfig"; sourceTree = "<group>"; };
		AA455F312AE6CD1300016054 /* HomeVC.swift */ = {isa = PBXFileReference; lastKnownFileType = sourcecode.swift; path = HomeVC.swift; sourceTree = "<group>"; };
		AA455F342AE6CE5E00016054 /* ToDoItemsTVC.swift */ = {isa = PBXFileReference; lastKnownFileType = sourcecode.swift; path = ToDoItemsTVC.swift; sourceTree = "<group>"; };
		AA455F352AE6CE5E00016054 /* ToDoItemsTVC.xib */ = {isa = PBXFileReference; lastKnownFileType = file.xib; path = ToDoItemsTVC.xib; sourceTree = "<group>"; };
		AA455F382AE6D60900016054 /* AppEnums.swift */ = {isa = PBXFileReference; lastKnownFileType = sourcecode.swift; path = AppEnums.swift; sourceTree = "<group>"; };
		AA455F3A2AE6DA4500016054 /* ToDoItems.swift */ = {isa = PBXFileReference; lastKnownFileType = sourcecode.swift; path = ToDoItems.swift; sourceTree = "<group>"; };
		AA4F44C12AE6A9E300A9C6CA /* Doit.app */ = {isa = PBXFileReference; explicitFileType = wrapper.application; includeInIndex = 0; path = Doit.app; sourceTree = BUILT_PRODUCTS_DIR; };
		AA4F44C42AE6A9E300A9C6CA /* AppDelegate.swift */ = {isa = PBXFileReference; lastKnownFileType = sourcecode.swift; path = AppDelegate.swift; sourceTree = "<group>"; };
		AA4F44CB2AE6A9E300A9C6CA /* Base */ = {isa = PBXFileReference; lastKnownFileType = file.storyboard; name = Base; path = Base.lproj/Main.storyboard; sourceTree = "<group>"; };
		AA4F44CD2AE6A9E400A9C6CA /* Assets.xcassets */ = {isa = PBXFileReference; lastKnownFileType = folder.assetcatalog; path = Assets.xcassets; sourceTree = "<group>"; };
		AA4F44D02AE6A9E400A9C6CA /* Base */ = {isa = PBXFileReference; lastKnownFileType = file.storyboard; name = Base; path = Base.lproj/LaunchScreen.storyboard; sourceTree = "<group>"; };
		AA4F44D22AE6A9E400A9C6CA /* Info.plist */ = {isa = PBXFileReference; lastKnownFileType = text.plist.xml; path = Info.plist; sourceTree = "<group>"; };
		AAB7D4542AE7907800AEBFF8 /* ViewAllTVC.swift */ = {isa = PBXFileReference; lastKnownFileType = sourcecode.swift; path = ViewAllTVC.swift; sourceTree = "<group>"; };
		AAB7D4552AE7907800AEBFF8 /* ViewAllTVC.xib */ = {isa = PBXFileReference; lastKnownFileType = file.xib; path = ViewAllTVC.xib; sourceTree = "<group>"; };
		AAB7D4582AE7A0B300AEBFF8 /* AddToDoVC.swift */ = {isa = PBXFileReference; lastKnownFileType = sourcecode.swift; path = AddToDoVC.swift; sourceTree = "<group>"; };
		AAB7D45A2AE7A46A00AEBFF8 /* Utility.swift */ = {isa = PBXFileReference; lastKnownFileType = sourcecode.swift; path = Utility.swift; sourceTree = "<group>"; };
		AAB7D45C2AE7DD3600AEBFF8 /* Extensions.swift */ = {isa = PBXFileReference; lastKnownFileType = sourcecode.swift; path = Extensions.swift; sourceTree = "<group>"; };
		AAE3E0EB2AECBE1B00BD72DB /* CategoriesVC.swift */ = {isa = PBXFileReference; lastKnownFileType = sourcecode.swift; path = CategoriesVC.swift; sourceTree = "<group>"; };
		AAE3E0EF2AED494000BD72DB /* DataBaseManager.swift */ = {isa = PBXFileReference; lastKnownFileType = sourcecode.swift; path = DataBaseManager.swift; sourceTree = "<group>"; };
		AAFAE1442AE8E95900D855C6 /* AddCategoryVC.swift */ = {isa = PBXFileReference; lastKnownFileType = sourcecode.swift; path = AddCategoryVC.swift; sourceTree = "<group>"; };
		AAFAE1462AE8ECA400D855C6 /* CategoryIconsCV.swift */ = {isa = PBXFileReference; lastKnownFileType = sourcecode.swift; path = CategoryIconsCV.swift; sourceTree = "<group>"; };
		AAFAE1472AE8ECA400D855C6 /* CategoryIconsCV.xib */ = {isa = PBXFileReference; lastKnownFileType = file.xib; path = CategoryIconsCV.xib; sourceTree = "<group>"; };
/* End PBXFileReference section */

/* Begin PBXFrameworksBuildPhase section */
		AA4F44BE2AE6A9E300A9C6CA /* Frameworks */ = {
			isa = PBXFrameworksBuildPhase;
			buildActionMask = 2147483647;
			files = (
				B80CD7B46F81486B995C6DDC /* Pods_Doit.framework in Frameworks */,
			);
			runOnlyForDeploymentPostprocessing = 0;
		};
/* End PBXFrameworksBuildPhase section */

/* Begin PBXGroup section */
		75FF32A325D041FC15FE4E1F /* Pods */ = {
			isa = PBXGroup;
			children = (
				983A936D7D99823DB595FFA8 /* Pods-Doit.debug.xcconfig */,
				775E00019CFB63EB15373B4E /* Pods-Doit.release.xcconfig */,
			);
			path = Pods;
			sourceTree = "<group>";
		};
		AA455F2D2AE6CCB800016054 /* Model */ = {
			isa = PBXGroup;
			children = (
				AA455F3A2AE6DA4500016054 /* ToDoItems.swift */,
			);
			path = Model;
			sourceTree = "<group>";
		};
		AA455F2E2AE6CCC200016054 /* ViewModel */ = {
			isa = PBXGroup;
			children = (
				AAE3E0EF2AED494000BD72DB /* DataBaseManager.swift */,
			);
			path = ViewModel;
			sourceTree = "<group>";
		};
		AA455F2F2AE6CCCC00016054 /* View */ = {
			isa = PBXGroup;
			children = (
				AA455F312AE6CD1300016054 /* HomeVC.swift */,
				AAB7D4582AE7A0B300AEBFF8 /* AddToDoVC.swift */,
				AAE3E0EB2AECBE1B00BD72DB /* CategoriesVC.swift */,
				AAFAE1442AE8E95900D855C6 /* AddCategoryVC.swift */,
			);
			path = View;
			sourceTree = "<group>";
		};
		AA455F302AE6CCD200016054 /* App Common */ = {
			isa = PBXGroup;
			children = (
				AA455F382AE6D60900016054 /* AppEnums.swift */,
				AAB7D45A2AE7A46A00AEBFF8 /* Utility.swift */,
				AAB7D45C2AE7DD3600AEBFF8 /* Extensions.swift */,
			);
			path = "App Common";
			sourceTree = "<group>";
		};
		AA455F332AE6CD7B00016054 /* XIBs */ = {
			isa = PBXGroup;
			children = (
				AA455F342AE6CE5E00016054 /* ToDoItemsTVC.swift */,
				AA455F352AE6CE5E00016054 /* ToDoItemsTVC.xib */,
				AAB7D4542AE7907800AEBFF8 /* ViewAllTVC.swift */,
				AAB7D4552AE7907800AEBFF8 /* ViewAllTVC.xib */,
				AAFAE1462AE8ECA400D855C6 /* CategoryIconsCV.swift */,
				AAFAE1472AE8ECA400D855C6 /* CategoryIconsCV.xib */,
			);
			path = XIBs;
			sourceTree = "<group>";
		};
		AA4F44B82AE6A9E300A9C6CA = {
			isa = PBXGroup;
			children = (
				AA4F44C32AE6A9E300A9C6CA /* Doit */,
				AA4F44C22AE6A9E300A9C6CA /* Products */,
				75FF32A325D041FC15FE4E1F /* Pods */,
				B9D7889816C75BBC95B5825B /* Frameworks */,
			);
			sourceTree = "<group>";
		};
		AA4F44C22AE6A9E300A9C6CA /* Products */ = {
			isa = PBXGroup;
			children = (
				AA4F44C12AE6A9E300A9C6CA /* Doit.app */,
			);
			name = Products;
			sourceTree = "<group>";
		};
		AA4F44C32AE6A9E300A9C6CA /* Doit */ = {
			isa = PBXGroup;
			children = (
				AA4F44D22AE6A9E400A9C6CA /* Info.plist */,
				AA4F44C42AE6A9E300A9C6CA /* AppDelegate.swift */,
				AA455F302AE6CCD200016054 /* App Common */,
				AA455F332AE6CD7B00016054 /* XIBs */,
				AA455F2F2AE6CCCC00016054 /* View */,
				AA455F2E2AE6CCC200016054 /* ViewModel */,
				AA455F2D2AE6CCB800016054 /* Model */,
				AA4F44CA2AE6A9E300A9C6CA /* Main.storyboard */,
				AA4F44CD2AE6A9E400A9C6CA /* Assets.xcassets */,
				AA4F44CF2AE6A9E400A9C6CA /* LaunchScreen.storyboard */,
			);
			path = Doit;
			sourceTree = "<group>";
		};
		B9D7889816C75BBC95B5825B /* Frameworks */ = {
			isa = PBXGroup;
			children = (
				48C60D2669B380F8CEBE9331 /* Pods_Doit.framework */,
			);
			name = Frameworks;
			sourceTree = "<group>";
		};
/* End PBXGroup section */

/* Begin PBXNativeTarget section */
		AA4F44C02AE6A9E300A9C6CA /* Doit */ = {
			isa = PBXNativeTarget;
			buildConfigurationList = AA4F44D52AE6A9E400A9C6CA /* Build configuration list for PBXNativeTarget "Doit" */;
			buildPhases = (
				F3D4DE143AAAD3B7D588BB51 /* [CP] Check Pods Manifest.lock */,
				AA4F44BD2AE6A9E300A9C6CA /* Sources */,
				AA4F44BE2AE6A9E300A9C6CA /* Frameworks */,
				AA4F44BF2AE6A9E300A9C6CA /* Resources */,
				EEE0D1C481C5F88254A23D42 /* [CP] Embed Pods Frameworks */,
			);
			buildRules = (
			);
			dependencies = (
			);
			name = Doit;
			productName = Doit;
			productReference = AA4F44C12AE6A9E300A9C6CA /* Doit.app */;
			productType = "com.apple.product-type.application";
		};
/* End PBXNativeTarget section */

/* Begin PBXProject section */
		AA4F44B92AE6A9E300A9C6CA /* Project object */ = {
			isa = PBXProject;
			attributes = {
				BuildIndependentTargetsInParallel = 1;
				LastSwiftUpdateCheck = 1500;
				LastUpgradeCheck = 1500;
				TargetAttributes = {
					AA4F44C02AE6A9E300A9C6CA = {
						CreatedOnToolsVersion = 15.0.1;
					};
				};
			};
			buildConfigurationList = AA4F44BC2AE6A9E300A9C6CA /* Build configuration list for PBXProject "Doit" */;
			compatibilityVersion = "Xcode 14.0";
			developmentRegion = en;
			hasScannedForEncodings = 0;
			knownRegions = (
				en,
				Base,
			);
			mainGroup = AA4F44B82AE6A9E300A9C6CA;
			productRefGroup = AA4F44C22AE6A9E300A9C6CA /* Products */;
			projectDirPath = "";
			projectRoot = "";
			targets = (
				AA4F44C02AE6A9E300A9C6CA /* Doit */,
			);
		};
/* End PBXProject section */

/* Begin PBXResourcesBuildPhase section */
		AA4F44BF2AE6A9E300A9C6CA /* Resources */ = {
			isa = PBXResourcesBuildPhase;
			buildActionMask = 2147483647;
			files = (
				AA4F44D12AE6A9E400A9C6CA /* LaunchScreen.storyboard in Resources */,
				AA4F44CE2AE6A9E400A9C6CA /* Assets.xcassets in Resources */,
				AA455F372AE6CE5E00016054 /* ToDoItemsTVC.xib in Resources */,
				AAB7D4572AE7907800AEBFF8 /* ViewAllTVC.xib in Resources */,
				AA4F44CC2AE6A9E300A9C6CA /* Main.storyboard in Resources */,
				AAFAE1492AE8ECA400D855C6 /* CategoryIconsCV.xib in Resources */,
			);
			runOnlyForDeploymentPostprocessing = 0;
		};
/* End PBXResourcesBuildPhase section */

/* Begin PBXShellScriptBuildPhase section */
		EEE0D1C481C5F88254A23D42 /* [CP] Embed Pods Frameworks */ = {
			isa = PBXShellScriptBuildPhase;
			buildActionMask = 2147483647;
			files = (
			);
			inputFileListPaths = (
				"${PODS_ROOT}/Target Support Files/Pods-Doit/Pods-Doit-frameworks-${CONFIGURATION}-input-files.xcfilelist",
			);
			name = "[CP] Embed Pods Frameworks";
			outputFileListPaths = (
				"${PODS_ROOT}/Target Support Files/Pods-Doit/Pods-Doit-frameworks-${CONFIGURATION}-output-files.xcfilelist",
			);
			runOnlyForDeploymentPostprocessing = 0;
			shellPath = /bin/sh;
			shellScript = "\"${PODS_ROOT}/Target Support Files/Pods-Doit/Pods-Doit-frameworks.sh\"\n";
			showEnvVarsInLog = 0;
		};
		F3D4DE143AAAD3B7D588BB51 /* [CP] Check Pods Manifest.lock */ = {
			isa = PBXShellScriptBuildPhase;
			buildActionMask = 2147483647;
			files = (
			);
			inputFileListPaths = (
			);
			inputPaths = (
				"${PODS_PODFILE_DIR_PATH}/Podfile.lock",
				"${PODS_ROOT}/Manifest.lock",
			);
			name = "[CP] Check Pods Manifest.lock";
			outputFileListPaths = (
			);
			outputPaths = (
				"$(DERIVED_FILE_DIR)/Pods-Doit-checkManifestLockResult.txt",
			);
			runOnlyForDeploymentPostprocessing = 0;
			shellPath = /bin/sh;
			shellScript = "diff \"${PODS_PODFILE_DIR_PATH}/Podfile.lock\" \"${PODS_ROOT}/Manifest.lock\" > /dev/null\nif [ $? != 0 ] ; then\n    # print error to STDERR\n    echo \"error: The sandbox is not in sync with the Podfile.lock. Run 'pod install' or update your CocoaPods installation.\" >&2\n    exit 1\nfi\n# This output is used by Xcode 'outputs' to avoid re-running this script phase.\necho \"SUCCESS\" > \"${SCRIPT_OUTPUT_FILE_0}\"\n";
			showEnvVarsInLog = 0;
		};
/* End PBXShellScriptBuildPhase section */

/* Begin PBXSourcesBuildPhase section */
		AA4F44BD2AE6A9E300A9C6CA /* Sources */ = {
			isa = PBXSourcesBuildPhase;
			buildActionMask = 2147483647;
			files = (
				AAB7D4592AE7A0B300AEBFF8 /* AddToDoVC.swift in Sources */,
				AAE3E0F02AED494000BD72DB /* DataBaseManager.swift in Sources */,
				AAE3E0EC2AECBE1B00BD72DB /* CategoriesVC.swift in Sources */,
				AAB7D45D2AE7DD3600AEBFF8 /* Extensions.swift in Sources */,
				AA4F44C52AE6A9E300A9C6CA /* AppDelegate.swift in Sources */,
				AA455F362AE6CE5E00016054 /* ToDoItemsTVC.swift in Sources */,
				AAFAE1452AE8E95900D855C6 /* AddCategoryVC.swift in Sources */,
				AAB7D4562AE7907800AEBFF8 /* ViewAllTVC.swift in Sources */,
				AAB7D45B2AE7A46A00AEBFF8 /* Utility.swift in Sources */,
				AA455F3B2AE6DA4500016054 /* ToDoItems.swift in Sources */,
				AA455F392AE6D60900016054 /* AppEnums.swift in Sources */,
				AA455F322AE6CD1300016054 /* HomeVC.swift in Sources */,
				AAFAE1482AE8ECA400D855C6 /* CategoryIconsCV.swift in Sources */,
			);
			runOnlyForDeploymentPostprocessing = 0;
		};
/* End PBXSourcesBuildPhase section */

/* Begin PBXVariantGroup section */
		AA4F44CA2AE6A9E300A9C6CA /* Main.storyboard */ = {
			isa = PBXVariantGroup;
			children = (
				AA4F44CB2AE6A9E300A9C6CA /* Base */,
			);
			name = Main.storyboard;
			sourceTree = "<group>";
		};
		AA4F44CF2AE6A9E400A9C6CA /* LaunchScreen.storyboard */ = {
			isa = PBXVariantGroup;
			children = (
				AA4F44D02AE6A9E400A9C6CA /* Base */,
			);
			name = LaunchScreen.storyboard;
			sourceTree = "<group>";
		};
/* End PBXVariantGroup section */

/* Begin XCBuildConfiguration section */
		AA4F44D32AE6A9E400A9C6CA /* Debug */ = {
			isa = XCBuildConfiguration;
			buildSettings = {
				ALWAYS_SEARCH_USER_PATHS = NO;
				ASSETCATALOG_COMPILER_GENERATE_SWIFT_ASSET_SYMBOL_EXTENSIONS = YES;
				CLANG_ANALYZER_NONNULL = YES;
				CLANG_ANALYZER_NUMBER_OBJECT_CONVERSION = YES_AGGRESSIVE;
				CLANG_CXX_LANGUAGE_STANDARD = "gnu++20";
				CLANG_ENABLE_MODULES = YES;
				CLANG_ENABLE_OBJC_ARC = YES;
				CLANG_ENABLE_OBJC_WEAK = YES;
				CLANG_WARN_BLOCK_CAPTURE_AUTORELEASING = YES;
				CLANG_WARN_BOOL_CONVERSION = YES;
				CLANG_WARN_COMMA = YES;
				CLANG_WARN_CONSTANT_CONVERSION = YES;
				CLANG_WARN_DEPRECATED_OBJC_IMPLEMENTATIONS = YES;
				CLANG_WARN_DIRECT_OBJC_ISA_USAGE = YES_ERROR;
				CLANG_WARN_DOCUMENTATION_COMMENTS = YES;
				CLANG_WARN_EMPTY_BODY = YES;
				CLANG_WARN_ENUM_CONVERSION = YES;
				CLANG_WARN_INFINITE_RECURSION = YES;
				CLANG_WARN_INT_CONVERSION = YES;
				CLANG_WARN_NON_LITERAL_NULL_CONVERSION = YES;
				CLANG_WARN_OBJC_IMPLICIT_RETAIN_SELF = YES;
				CLANG_WARN_OBJC_LITERAL_CONVERSION = YES;
				CLANG_WARN_OBJC_ROOT_CLASS = YES_ERROR;
				CLANG_WARN_QUOTED_INCLUDE_IN_FRAMEWORK_HEADER = YES;
				CLANG_WARN_RANGE_LOOP_ANALYSIS = YES;
				CLANG_WARN_STRICT_PROTOTYPES = YES;
				CLANG_WARN_SUSPICIOUS_MOVE = YES;
				CLANG_WARN_UNGUARDED_AVAILABILITY = YES_AGGRESSIVE;
				CLANG_WARN_UNREACHABLE_CODE = YES;
				CLANG_WARN__DUPLICATE_METHOD_MATCH = YES;
				COPY_PHASE_STRIP = NO;
				DEBUG_INFORMATION_FORMAT = dwarf;
				ENABLE_STRICT_OBJC_MSGSEND = YES;
				ENABLE_TESTABILITY = YES;
				ENABLE_USER_SCRIPT_SANDBOXING = YES;
				GCC_C_LANGUAGE_STANDARD = gnu17;
				GCC_DYNAMIC_NO_PIC = NO;
				GCC_NO_COMMON_BLOCKS = YES;
				GCC_OPTIMIZATION_LEVEL = 0;
				GCC_PREPROCESSOR_DEFINITIONS = (
					"DEBUG=1",
					"$(inherited)",
				);
				GCC_WARN_64_TO_32_BIT_CONVERSION = YES;
				GCC_WARN_ABOUT_RETURN_TYPE = YES_ERROR;
				GCC_WARN_UNDECLARED_SELECTOR = YES;
				GCC_WARN_UNINITIALIZED_AUTOS = YES_AGGRESSIVE;
				GCC_WARN_UNUSED_FUNCTION = YES;
				GCC_WARN_UNUSED_VARIABLE = YES;
				IPHONEOS_DEPLOYMENT_TARGET = 17.0;
				LOCALIZATION_PREFERS_STRING_CATALOGS = YES;
				MTL_ENABLE_DEBUG_INFO = INCLUDE_SOURCE;
				MTL_FAST_MATH = YES;
				ONLY_ACTIVE_ARCH = YES;
				SDKROOT = iphoneos;
				SWIFT_ACTIVE_COMPILATION_CONDITIONS = "DEBUG $(inherited)";
				SWIFT_OPTIMIZATION_LEVEL = "-Onone";
			};
			name = Debug;
		};
		AA4F44D42AE6A9E400A9C6CA /* Release */ = {
			isa = XCBuildConfiguration;
			buildSettings = {
				ALWAYS_SEARCH_USER_PATHS = NO;
				ASSETCATALOG_COMPILER_GENERATE_SWIFT_ASSET_SYMBOL_EXTENSIONS = YES;
				CLANG_ANALYZER_NONNULL = YES;
				CLANG_ANALYZER_NUMBER_OBJECT_CONVERSION = YES_AGGRESSIVE;
				CLANG_CXX_LANGUAGE_STANDARD = "gnu++20";
				CLANG_ENABLE_MODULES = YES;
				CLANG_ENABLE_OBJC_ARC = YES;
				CLANG_ENABLE_OBJC_WEAK = YES;
				CLANG_WARN_BLOCK_CAPTURE_AUTORELEASING = YES;
				CLANG_WARN_BOOL_CONVERSION = YES;
				CLANG_WARN_COMMA = YES;
				CLANG_WARN_CONSTANT_CONVERSION = YES;
				CLANG_WARN_DEPRECATED_OBJC_IMPLEMENTATIONS = YES;
				CLANG_WARN_DIRECT_OBJC_ISA_USAGE = YES_ERROR;
				CLANG_WARN_DOCUMENTATION_COMMENTS = YES;
				CLANG_WARN_EMPTY_BODY = YES;
				CLANG_WARN_ENUM_CONVERSION = YES;
				CLANG_WARN_INFINITE_RECURSION = YES;
				CLANG_WARN_INT_CONVERSION = YES;
				CLANG_WARN_NON_LITERAL_NULL_CONVERSION = YES;
				CLANG_WARN_OBJC_IMPLICIT_RETAIN_SELF = YES;
				CLANG_WARN_OBJC_LITERAL_CONVERSION = YES;
				CLANG_WARN_OBJC_ROOT_CLASS = YES_ERROR;
				CLANG_WARN_QUOTED_INCLUDE_IN_FRAMEWORK_HEADER = YES;
				CLANG_WARN_RANGE_LOOP_ANALYSIS = YES;
				CLANG_WARN_STRICT_PROTOTYPES = YES;
				CLANG_WARN_SUSPICIOUS_MOVE = YES;
				CLANG_WARN_UNGUARDED_AVAILABILITY = YES_AGGRESSIVE;
				CLANG_WARN_UNREACHABLE_CODE = YES;
				CLANG_WARN__DUPLICATE_METHOD_MATCH = YES;
				COPY_PHASE_STRIP = NO;
				DEBUG_INFORMATION_FORMAT = "dwarf-with-dsym";
				ENABLE_NS_ASSERTIONS = NO;
				ENABLE_STRICT_OBJC_MSGSEND = YES;
				ENABLE_USER_SCRIPT_SANDBOXING = YES;
				GCC_C_LANGUAGE_STANDARD = gnu17;
				GCC_NO_COMMON_BLOCKS = YES;
				GCC_WARN_64_TO_32_BIT_CONVERSION = YES;
				GCC_WARN_ABOUT_RETURN_TYPE = YES_ERROR;
				GCC_WARN_UNDECLARED_SELECTOR = YES;
				GCC_WARN_UNINITIALIZED_AUTOS = YES_AGGRESSIVE;
				GCC_WARN_UNUSED_FUNCTION = YES;
				GCC_WARN_UNUSED_VARIABLE = YES;
				IPHONEOS_DEPLOYMENT_TARGET = 17.0;
				LOCALIZATION_PREFERS_STRING_CATALOGS = YES;
				MTL_ENABLE_DEBUG_INFO = NO;
				MTL_FAST_MATH = YES;
				SDKROOT = iphoneos;
				SWIFT_COMPILATION_MODE = wholemodule;
				VALIDATE_PRODUCT = YES;
			};
			name = Release;
		};
		AA4F44D62AE6A9E400A9C6CA /* Debug */ = {
			isa = XCBuildConfiguration;
			baseConfigurationReference = 983A936D7D99823DB595FFA8 /* Pods-Doit.debug.xcconfig */;
			buildSettings = {
				ASSETCATALOG_COMPILER_APPICON_NAME = AppIcon;
				ASSETCATALOG_COMPILER_GLOBAL_ACCENT_COLOR_NAME = AccentColor;
				CODE_SIGN_STYLE = Automatic;
				CURRENT_PROJECT_VERSION = 1;
				DEVELOPMENT_TEAM = M6Z6VZAKTT;
				ENABLE_USER_SCRIPT_SANDBOXING = NO;
				GENERATE_INFOPLIST_FILE = YES;
				INFOPLIST_FILE = Doit/Info.plist;
				INFOPLIST_KEY_CFBundleDisplayName = "Do It";
				INFOPLIST_KEY_LSApplicationCategoryType = "public.app-category.productivity";
				INFOPLIST_KEY_UIApplicationSupportsIndirectInputEvents = YES;
				INFOPLIST_KEY_UILaunchStoryboardName = LaunchScreen.storyboard;
				INFOPLIST_KEY_UIMainStoryboardFile = Main;
				INFOPLIST_KEY_UISupportedInterfaceOrientations = "UIInterfaceOrientationLandscapeLeft UIInterfaceOrientationLandscapeRight UIInterfaceOrientationPortrait";
				INFOPLIST_KEY_UISupportedInterfaceOrientations_iPad = UIInterfaceOrientationPortrait;
				IPHONEOS_DEPLOYMENT_TARGET = 13.0;
				LD_RUNPATH_SEARCH_PATHS = (
					"$(inherited)",
					"@executable_path/Frameworks",
				);
				MARKETING_VERSION = 1.0;
				PRODUCT_BUNDLE_IDENTIFIER = com.SSamanta.Doit;
				PRODUCT_NAME = "$(TARGET_NAME)";
				SWIFT_EMIT_LOC_STRINGS = YES;
				SWIFT_VERSION = 5.0;
				TARGETED_DEVICE_FAMILY = "1,2";
			};
			name = Debug;
		};
		AA4F44D72AE6A9E400A9C6CA /* Release */ = {
			isa = XCBuildConfiguration;
			baseConfigurationReference = 775E00019CFB63EB15373B4E /* Pods-Doit.release.xcconfig */;
			buildSettings = {
				ASSETCATALOG_COMPILER_APPICON_NAME = AppIcon;
				ASSETCATALOG_COMPILER_GLOBAL_ACCENT_COLOR_NAME = AccentColor;
				CODE_SIGN_STYLE = Automatic;
				CURRENT_PROJECT_VERSION = 1;
				DEVELOPMENT_TEAM = M6Z6VZAKTT;
				ENABLE_USER_SCRIPT_SANDBOXING = NO;
				GENERATE_INFOPLIST_FILE = YES;
				INFOPLIST_FILE = Doit/Info.plist;
				INFOPLIST_KEY_CFBundleDisplayName = "Do It";
				INFOPLIST_KEY_LSApplicationCategoryType = "public.app-category.productivity";
				INFOPLIST_KEY_UIApplicationSupportsIndirectInputEvents = YES;
				INFOPLIST_KEY_UILaunchStoryboardName = LaunchScreen.storyboard;
				INFOPLIST_KEY_UIMainStoryboardFile = Main;
				INFOPLIST_KEY_UISupportedInterfaceOrientations = "UIInterfaceOrientationLandscapeLeft UIInterfaceOrientationLandscapeRight UIInterfaceOrientationPortrait";
				INFOPLIST_KEY_UISupportedInterfaceOrientations_iPad = UIInterfaceOrientationPortrait;
				IPHONEOS_DEPLOYMENT_TARGET = 13.0;
				LD_RUNPATH_SEARCH_PATHS = (
					"$(inherited)",
					"@executable_path/Frameworks",
				);
				MARKETING_VERSION = 1.0;
				PRODUCT_BUNDLE_IDENTIFIER = com.SSamanta.Doit;
				PRODUCT_NAME = "$(TARGET_NAME)";
				SWIFT_EMIT_LOC_STRINGS = YES;
				SWIFT_VERSION = 5.0;
				TARGETED_DEVICE_FAMILY = "1,2";
			};
			name = Release;
		};
/* End XCBuildConfiguration section */

/* Begin XCConfigurationList section */
		AA4F44BC2AE6A9E300A9C6CA /* Build configuration list for PBXProject "Doit" */ = {
			isa = XCConfigurationList;
			buildConfigurations = (
				AA4F44D32AE6A9E400A9C6CA /* Debug */,
				AA4F44D42AE6A9E400A9C6CA /* Release */,
			);
			defaultConfigurationIsVisible = 0;
			defaultConfigurationName = Release;
		};
		AA4F44D52AE6A9E400A9C6CA /* Build configuration list for PBXNativeTarget "Doit" */ = {
			isa = XCConfigurationList;
			buildConfigurations = (
				AA4F44D62AE6A9E400A9C6CA /* Debug */,
				AA4F44D72AE6A9E400A9C6CA /* Release */,
			);
			defaultConfigurationIsVisible = 0;
			defaultConfigurationName = Release;
		};
/* End XCConfigurationList section */
	};
	rootObject = AA4F44B92AE6A9E300A9C6CA /* Project object */;
}
